<?xml version="1.0" encoding="utf-8"?>
<Project ToolsVersion="4.0" xmlns="http://schemas.microsoft.com/developer/msbuild/2003">
  <ItemGroup>
    <Text Include="ReadMe.txt" />
  </ItemGroup>
  <ItemGroup>
    <ClCompile Include="Engine\Engine.cpp" />
    <ClCompile Include="Algorithms\Passthrough.cpp" />
    <ClCompile Include="Algorithms\FourtoTwoChannelMixer.cpp" />
    <ClCompile Include="Algorithms\FilterBank.cpp" />
    <ClCompile Include="Algorithms\RMS.cpp" />
    <ClCompile Include="Algorithms\Analyzer.cpp" />
    <ClCompile Include="Algorithms\Selector.cpp" />
  </ItemGroup>
  <ItemGroup>
    <ClInclude Include="Engine\EngineDefinitions.h" />
    <ClInclude Include="Engine\Engine.h" />
    <ClInclude Include="Engine\DSPComponent.h" />
    <ClInclude Include="Algorithms\Passthrough.h" />
    <ClInclude Include="Algorithms\FourtoTwoChannelMixer.h" />
    <ClInclude Include="Algorithms\FilterBank.h" />
    <ClInclude Include="Algorithms\RMS.h" />
    <ClInclude Include="Engine\AutoMixerMath.h" />
    <ClInclude Include="Algorithms\Analyzer.h" />
    <ClInclude Include="Algorithms\Selector.h" />
  </ItemGroup>
</Project>