<?xml version="1.0" encoding="utf-8"?>
<Project ToolsVersion="4.0" xmlns="http://schemas.microsoft.com/developer/msbuild/2003">
  <ItemGroup>
    <Text Include="ReadMe.txt" />
  </ItemGroup>
  <ItemGroup>
    <ClCompile Include="Engine\Engine.cpp" />
    <ClCompile Include="Third Party\pffft\pffft.c" />
    <ClCompile Include="Algorithms\Generic\ClipDetection.cpp" />
    <ClCompile Include="Algorithms\Generic\FourtoTwoChannelMixer.cpp" />
    <ClCompile Include="Algorithms\Generic\Passthrough.cpp" />
    <ClCompile Include="Algorithms\Generic\TwotoOneNodeMixer.cpp" />
    <ClCompile Include="Algorithms\Convolver\Convolver.cpp" />
    <ClCompile Include="Algorithms\Convolver\Impulse.cpp" />
    <ClCompile Include="Algorithms\Automixer\Analyzer.cpp" />
    <ClCompile Include="Algorithms\Automixer\FilterBank.cpp" />
    <ClCompile Include="Algorithms\Automixer\RMS.cpp" />
    <ClCompile Include="Algorithms\Automixer\Selector.cpp" />
    <ClCompile Include="Algorithms\Generic\FilterDesign.cpp" />
  </ItemGroup>
  <ItemGroup>
    <ClInclude Include="Engine\EngineDefinitions.h" />
    <ClInclude Include="Engine\Engine.h" />
    <ClInclude Include="Engine\DSPComponent.h" />
    <ClInclude Include="Engine\AutoMixerMath.h" />
    <ClInclude Include="Engine\CircularBuffer.h" />
    <ClInclude Include="Engine\CircularBuffer16ByteAligned.h" />
    <ClInclude Include="Third Party\pffft\pffft.h" />
    <ClInclude Include="Algorithms\Generic\ClipDetection.h" />
    <ClInclude Include="Algorithms\Generic\FourtoTwoChannelMixer.h" />
    <ClInclude Include="Algorithms\Generic\Passthrough.h" />
    <ClInclude Include="Algorithms\Generic\TwotoOneNodeMixer.h" />
    <ClInclude Include="Algorithms\Convolver\Convolver.h" />
    <ClInclude Include="Algorithms\Convolver\Impulse.h" />
    <ClInclude Include="Algorithms\Automixer\Analyzer.h" />
    <ClInclude Include="Algorithms\Automixer\FilterBank.h" />
    <ClInclude Include="Algorithms\Automixer\RMS.h" />
    <ClInclude Include="Algorithms\Automixer\Selector.h" />
    <ClInclude Include="Algorithms\Generic\FilterDesign.h" />
  </ItemGroup>
</Project>